
Microsoft Visual Studio Solution File, Format Version 12.00
# Visual Studio Version 17
VisualStudioVersion = 17.2.32526.322
MinimumVisualStudioVersion = 10.0.40219.1
Project("{FAE04EC0-301F-11D3-BF4B-00C04F79EFBC}") = "GradeBook", "GradeBook\GradeBook.csproj", "{D152F80F-F932-4B8F-B1EA-ECBDF4FB57B7}"
EndProject
Project("{FAE04EC0-301F-11D3-BF4B-00C04F79EFBC}") = "GradeBook_Test", "GradeBook_Test\GradeBook_Test.csproj", "{20EBB8CF-BD89-499A-8301-1B8CD9938765}"
EndProject
Global
	GlobalSection(SolutionConfigurationPlatforms) = preSolution
		Debug|Any CPU = Debug|Any CPU
		Release|Any CPU = Release|Any CPU
	EndGlobalSection
	GlobalSection(ProjectConfigurationPlatforms) = postSolution
		{D152F80F-F932-4B8F-B1EA-ECBDF4FB57B7}.Debug|Any CPU.ActiveCfg = Debug|Any CPU
		{D152F80F-F932-4B8F-B1EA-ECBDF4FB57B7}.Debug|Any CPU.Build.0 = Debug|Any CPU
		{D152F80F-F932-4B8F-B1EA-ECBDF4FB57B7}.Release|Any CPU.ActiveCfg = Release|Any CPU
		{D152F80F-F932-4B8F-B1EA-ECBDF4FB57B7}.Release|Any CPU.Build.0 = Release|Any CPU
		{20EBB8CF-BD89-499A-8301-1B8CD9938765}.Debug|Any CPU.ActiveCfg = Debug|Any CPU
		{20EBB8CF-BD89-499A-8301-1B8CD9938765}.Debug|Any CPU.Build.0 = Debug|Any CPU
		{20EBB8CF-BD89-499A-8301-1B8CD9938765}.Release|Any CPU.ActiveCfg = Release|Any CPU
		{20EBB8CF-BD89-499A-8301-1B8CD9938765}.Release|Any CPU.Build.0 = Release|Any CPU
	EndGlobalSection
	GlobalSection(SolutionProperties) = preSolution
		HideSolutionNode = FALSE
	EndGlobalSection
	GlobalSection(ExtensibilityGlobals) = postSolution
		SolutionGuid = {50053513-3B29-4794-A321-3AC8C70619EE}
	EndGlobalSection
EndGlobal
